// !$*UTF8*$!
{
	archiveVersion = 1;
	classes = {
	};
	objectVersion = 55;
	objects = {

/* Begin PBXBuildFile section */
		76170C0C2734F62C00A6C76A /* parent_appApp.swift in Sources */ = {isa = PBXBuildFile; fileRef = 76170C0B2734F62C00A6C76A /* parent_appApp.swift */; };
		76170C0E2734F62C00A6C76A /* ContentView.swift in Sources */ = {isa = PBXBuildFile; fileRef = 76170C0D2734F62C00A6C76A /* ContentView.swift */; };
		76170C102734F62E00A6C76A /* Assets.xcassets in Resources */ = {isa = PBXBuildFile; fileRef = 76170C0F2734F62E00A6C76A /* Assets.xcassets */; };
		76170C132734F62E00A6C76A /* Preview Assets.xcassets in Resources */ = {isa = PBXBuildFile; fileRef = 76170C122734F62E00A6C76A /* Preview Assets.xcassets */; };
		76170C1D2734F62E00A6C76A /* parent_appTests.swift in Sources */ = {isa = PBXBuildFile; fileRef = 76170C1C2734F62E00A6C76A /* parent_appTests.swift */; };
		76170C272734F62E00A6C76A /* parent_appUITests.swift in Sources */ = {isa = PBXBuildFile; fileRef = 76170C262734F62E00A6C76A /* parent_appUITests.swift */; };
		76170C292734F62E00A6C76A /* parent_appUITestsLaunchTests.swift in Sources */ = {isa = PBXBuildFile; fileRef = 76170C282734F62E00A6C76A /* parent_appUITestsLaunchTests.swift */; };
/* End PBXBuildFile section */

/* Begin PBXContainerItemProxy section */
		76170C192734F62E00A6C76A /* PBXContainerItemProxy */ = {
			isa = PBXContainerItemProxy;
			containerPortal = 76170C002734F62C00A6C76A /* Project object */;
			proxyType = 1;
			remoteGlobalIDString = 76170C072734F62C00A6C76A;
			remoteInfo = "parent-app";
		};
		76170C232734F62E00A6C76A /* PBXContainerItemProxy */ = {
			isa = PBXContainerItemProxy;
			containerPortal = 76170C002734F62C00A6C76A /* Project object */;
			proxyType = 1;
			remoteGlobalIDString = 76170C072734F62C00A6C76A;
			remoteInfo = "parent-app";
		};
/* End PBXContainerItemProxy section */

/* Begin PBXFileReference section */
		76170C082734F62C00A6C76A /* parent-app.app */ = {isa = PBXFileReference; explicitFileType = wrapper.application; includeInIndex = 0; path = "parent-app.app"; sourceTree = BUILT_PRODUCTS_DIR; };
		76170C0B2734F62C00A6C76A /* parent_appApp.swift */ = {isa = PBXFileReference; lastKnownFileType = sourcecode.swift; path = parent_appApp.swift; sourceTree = "<group>"; };
		76170C0D2734F62C00A6C76A /* ContentView.swift */ = {isa = PBXFileReference; lastKnownFileType = sourcecode.swift; path = ContentView.swift; sourceTree = "<group>"; };
		76170C0F2734F62E00A6C76A /* Assets.xcassets */ = {isa = PBXFileReference; lastKnownFileType = folder.assetcatalog; path = Assets.xcassets; sourceTree = "<group>"; };
		76170C122734F62E00A6C76A /* Preview Assets.xcassets */ = {isa = PBXFileReference; lastKnownFileType = folder.assetcatalog; path = "Preview Assets.xcassets"; sourceTree = "<group>"; };
		76170C182734F62E00A6C76A /* parent-appTests.xctest */ = {isa = PBXFileReference; explicitFileType = wrapper.cfbundle; includeInIndex = 0; path = "parent-appTests.xctest"; sourceTree = BUILT_PRODUCTS_DIR; };
		76170C1C2734F62E00A6C76A /* parent_appTests.swift */ = {isa = PBXFileReference; lastKnownFileType = sourcecode.swift; path = parent_appTests.swift; sourceTree = "<group>"; };
		76170C222734F62E00A6C76A /* parent-appUITests.xctest */ = {isa = PBXFileReference; explicitFileType = wrapper.cfbundle; includeInIndex = 0; path = "parent-appUITests.xctest"; sourceTree = BUILT_PRODUCTS_DIR; };
		76170C262734F62E00A6C76A /* parent_appUITests.swift */ = {isa = PBXFileReference; lastKnownFileType = sourcecode.swift; path = parent_appUITests.swift; sourceTree = "<group>"; };
		76170C282734F62E00A6C76A /* parent_appUITestsLaunchTests.swift */ = {isa = PBXFileReference; lastKnownFileType = sourcecode.swift; path = parent_appUITestsLaunchTests.swift; sourceTree = "<group>"; };
/* End PBXFileReference section */

/* Begin PBXFrameworksBuildPhase section */
		76170C052734F62C00A6C76A /* Frameworks */ = {
			isa = PBXFrameworksBuildPhase;
			buildActionMask = 2147483647;
			files = (
			);
			runOnlyForDeploymentPostprocessing = 0;
		};
		76170C152734F62E00A6C76A /* Frameworks */ = {
			isa = PBXFrameworksBuildPhase;
			buildActionMask = 2147483647;
			files = (
			);
			runOnlyForDeploymentPostprocessing = 0;
		};
		76170C1F2734F62E00A6C76A /* Frameworks */ = {
			isa = PBXFrameworksBuildPhase;
			buildActionMask = 2147483647;
			files = (
			);
			runOnlyForDeploymentPostprocessing = 0;
		};
/* End PBXFrameworksBuildPhase section */

/* Begin PBXGroup section */
		76170BFF2734F62C00A6C76A = {
			isa = PBXGroup;
			children = (
				76170C0A2734F62C00A6C76A /* parent-app */,
				76170C1B2734F62E00A6C76A /* parent-appTests */,
				76170C252734F62E00A6C76A /* parent-appUITests */,
				76170C092734F62C00A6C76A /* Products */,
			);
			sourceTree = "<group>";
		};
		76170C092734F62C00A6C76A /* Products */ = {
			isa = PBXGroup;
			children = (
				76170C082734F62C00A6C76A /* parent-app.app */,
				76170C182734F62E00A6C76A /* parent-appTests.xctest */,
				76170C222734F62E00A6C76A /* parent-appUITests.xctest */,
			);
			name = Products;
			sourceTree = "<group>";
		};
		76170C0A2734F62C00A6C76A /* parent-app */ = {
			isa = PBXGroup;
			children = (
				76170C0B2734F62C00A6C76A /* parent_appApp.swift */,
				76170C0D2734F62C00A6C76A /* ContentView.swift */,
				76170C0F2734F62E00A6C76A /* Assets.xcassets */,
				76170C112734F62E00A6C76A /* Preview Content */,
			);
			path = "parent-app";
			sourceTree = "<group>";
		};
		76170C112734F62E00A6C76A /* Preview Content */ = {
			isa = PBXGroup;
			children = (
				76170C122734F62E00A6C76A /* Preview Assets.xcassets */,
			);
			path = "Preview Content";
			sourceTree = "<group>";
		};
		76170C1B2734F62E00A6C76A /* parent-appTests */ = {
			isa = PBXGroup;
			children = (
				76170C1C2734F62E00A6C76A /* parent_appTests.swift */,
			);
			path = "parent-appTests";
			sourceTree = "<group>";
		};
		76170C252734F62E00A6C76A /* parent-appUITests */ = {
			isa = PBXGroup;
			children = (
				76170C262734F62E00A6C76A /* parent_appUITests.swift */,
				76170C282734F62E00A6C76A /* parent_appUITestsLaunchTests.swift */,
			);
			path = "parent-appUITests";
			sourceTree = "<group>";
		};
/* End PBXGroup section */

/* Begin PBXNativeTarget section */
		76170C072734F62C00A6C76A /* parent-app */ = {
			isa = PBXNativeTarget;
			buildConfigurationList = 76170C2C2734F62E00A6C76A /* Build configuration list for PBXNativeTarget "parent-app" */;
			buildPhases = (
				76170C042734F62C00A6C76A /* Sources */,
				76170C052734F62C00A6C76A /* Frameworks */,
				76170C062734F62C00A6C76A /* Resources */,
			);
			buildRules = (
			);
			dependencies = (
			);
			name = "parent-app";
			productName = "parent-app";
			productReference = 76170C082734F62C00A6C76A /* parent-app.app */;
			productType = "com.apple.product-type.application";
		};
		76170C172734F62E00A6C76A /* parent-appTests */ = {
			isa = PBXNativeTarget;
			buildConfigurationList = 76170C2F2734F62E00A6C76A /* Build configuration list for PBXNativeTarget "parent-appTests" */;
			buildPhases = (
				76170C142734F62E00A6C76A /* Sources */,
				76170C152734F62E00A6C76A /* Frameworks */,
				76170C162734F62E00A6C76A /* Resources */,
			);
			buildRules = (
			);
			dependencies = (
				76170C1A2734F62E00A6C76A /* PBXTargetDependency */,
			);
			name = "parent-appTests";
			productName = "parent-appTests";
			productReference = 76170C182734F62E00A6C76A /* parent-appTests.xctest */;
			productType = "com.apple.product-type.bundle.unit-test";
		};
		76170C212734F62E00A6C76A /* parent-appUITests */ = {
			isa = PBXNativeTarget;
			buildConfigurationList = 76170C322734F62E00A6C76A /* Build configuration list for PBXNativeTarget "parent-appUITests" */;
			buildPhases = (
				76170C1E2734F62E00A6C76A /* Sources */,
				76170C1F2734F62E00A6C76A /* Frameworks */,
				76170C202734F62E00A6C76A /* Resources */,
			);
			buildRules = (
			);
			dependencies = (
				76170C242734F62E00A6C76A /* PBXTargetDependency */,
			);
			name = "parent-appUITests";
			productName = "parent-appUITests";
			productReference = 76170C222734F62E00A6C76A /* parent-appUITests.xctest */;
			productType = "com.apple.product-type.bundle.ui-testing";
		};
/* End PBXNativeTarget section */

/* Begin PBXProject section */
		76170C002734F62C00A6C76A /* Project object */ = {
			isa = PBXProject;
			attributes = {
				BuildIndependentTargetsInParallel = 1;
				LastSwiftUpdateCheck = 1320;
				LastUpgradeCheck = 1320;
				TargetAttributes = {
					76170C072734F62C00A6C76A = {
						CreatedOnToolsVersion = 13.2;
					};
					76170C172734F62E00A6C76A = {
						CreatedOnToolsVersion = 13.2;
						TestTargetID = 76170C072734F62C00A6C76A;
					};
					76170C212734F62E00A6C76A = {
						CreatedOnToolsVersion = 13.2;
						TestTargetID = 76170C072734F62C00A6C76A;
					};
				};
			};
			buildConfigurationList = 76170C032734F62C00A6C76A /* Build configuration list for PBXProject "parent-app" */;
			compatibilityVersion = "Xcode 13.0";
			developmentRegion = en;
			hasScannedForEncodings = 0;
			knownRegions = (
				en,
				Base,
			);
			mainGroup = 76170BFF2734F62C00A6C76A;
			productRefGroup = 76170C092734F62C00A6C76A /* Products */;
			projectDirPath = "";
			projectRoot = "";
			targets = (
				76170C072734F62C00A6C76A /* parent-app */,
				76170C172734F62E00A6C76A /* parent-appTests */,
				76170C212734F62E00A6C76A /* parent-appUITests */,
			);
		};
/* End PBXProject section */

/* Begin PBXResourcesBuildPhase section */
		76170C062734F62C00A6C76A /* Resources */ = {
			isa = PBXResourcesBuildPhase;
			buildActionMask = 2147483647;
			files = (
				76170C132734F62E00A6C76A /* Preview Assets.xcassets in Resources */,
				76170C102734F62E00A6C76A /* Assets.xcassets in Resources */,
			);
			runOnlyForDeploymentPostprocessing = 0;
		};
		76170C162734F62E00A6C76A /* Resources */ = {
			isa = PBXResourcesBuildPhase;
			buildActionMask = 2147483647;
			files = (
			);
			runOnlyForDeploymentPostprocessing = 0;
		};
		76170C202734F62E00A6C76A /* Resources */ = {
			isa = PBXResourcesBuildPhase;
			buildActionMask = 2147483647;
			files = (
			);
			runOnlyForDeploymentPostprocessing = 0;
		};
/* End PBXResourcesBuildPhase section */

/* Begin PBXSourcesBuildPhase section */
		76170C042734F62C00A6C76A /* Sources */ = {
			isa = PBXSourcesBuildPhase;
			buildActionMask = 2147483647;
			files = (
				76170C0E2734F62C00A6C76A /* ContentView.swift in Sources */,
				76170C0C2734F62C00A6C76A /* parent_appApp.swift in Sources */,
			);
			runOnlyForDeploymentPostprocessing = 0;
		};
		76170C142734F62E00A6C76A /* Sources */ = {
			isa = PBXSourcesBuildPhase;
			buildActionMask = 2147483647;
			files = (
				76170C1D2734F62E00A6C76A /* parent_appTests.swift in Sources */,
			);
			runOnlyForDeploymentPostprocessing = 0;
		};
		76170C1E2734F62E00A6C76A /* Sources */ = {
			isa = PBXSourcesBuildPhase;
			buildActionMask = 2147483647;
			files = (
				76170C292734F62E00A6C76A /* parent_appUITestsLaunchTests.swift in Sources */,
				76170C272734F62E00A6C76A /* parent_appUITests.swift in Sources */,
			);
			runOnlyForDeploymentPostprocessing = 0;
		};
/* End PBXSourcesBuildPhase section */

/* Begin PBXTargetDependency section */
		76170C1A2734F62E00A6C76A /* PBXTargetDependency */ = {
			isa = PBXTargetDependency;
			target = 76170C072734F62C00A6C76A /* parent-app */;
			targetProxy = 76170C192734F62E00A6C76A /* PBXContainerItemProxy */;
		};
		76170C242734F62E00A6C76A /* PBXTargetDependency */ = {
			isa = PBXTargetDependency;
			target = 76170C072734F62C00A6C76A /* parent-app */;
			targetProxy = 76170C232734F62E00A6C76A /* PBXContainerItemProxy */;
		};
/* End PBXTargetDependency section */

/* Begin XCBuildConfiguration section */
		76170C2A2734F62E00A6C76A /* Debug */ = {
			isa = XCBuildConfiguration;
			buildSettings = {
				ALWAYS_SEARCH_USER_PATHS = NO;
				CLANG_ANALYZER_NONNULL = YES;
				CLANG_ANALYZER_NUMBER_OBJECT_CONVERSION = YES_AGGRESSIVE;
				CLANG_CXX_LANGUAGE_STANDARD = "gnu++17";
				CLANG_CXX_LIBRARY = "libc++";
				CLANG_ENABLE_MODULES = YES;
				CLANG_ENABLE_OBJC_ARC = YES;
				CLANG_ENABLE_OBJC_WEAK = YES;
				CLANG_WARN_BLOCK_CAPTURE_AUTORELEASING = YES;
				CLANG_WARN_BOOL_CONVERSION = YES;
				CLANG_WARN_COMMA = YES;
				CLANG_WARN_CONSTANT_CONVERSION = YES;
				CLANG_WARN_DEPRECATED_OBJC_IMPLEMENTATIONS = YES;
				CLANG_WARN_DIRECT_OBJC_ISA_USAGE = YES_ERROR;
				CLANG_WARN_DOCUMENTATION_COMMENTS = YES;
				CLANG_WARN_EMPTY_BODY = YES;
				CLANG_WARN_ENUM_CONVERSION = YES;
				CLANG_WARN_INFINITE_RECURSION = YES;
				CLANG_WARN_INT_CONVERSION = YES;
				CLANG_WARN_NON_LITERAL_NULL_CONVERSION = YES;
				CLANG_WARN_OBJC_IMPLICIT_RETAIN_SELF = YES;
				CLANG_WARN_OBJC_LITERAL_CONVERSION = YES;
				CLANG_WARN_OBJC_ROOT_CLASS = YES_ERROR;
				CLANG_WARN_QUOTED_INCLUDE_IN_FRAMEWORK_HEADER = YES;
				CLANG_WARN_RANGE_LOOP_ANALYSIS = YES;
				CLANG_WARN_STRICT_PROTOTYPES = YES;
				CLANG_WARN_SUSPICIOUS_MOVE = YES;
				CLANG_WARN_UNGUARDED_AVAILABILITY = YES_AGGRESSIVE;
				CLANG_WARN_UNREACHABLE_CODE = YES;
				CLANG_WARN__DUPLICATE_METHOD_MATCH = YES;
				COPY_PHASE_STRIP = NO;
				DEBUG_INFORMATION_FORMAT = dwarf;
				ENABLE_STRICT_OBJC_MSGSEND = YES;
				ENABLE_TESTABILITY = YES;
				GCC_C_LANGUAGE_STANDARD = gnu11;
				GCC_DYNAMIC_NO_PIC = NO;
				GCC_NO_COMMON_BLOCKS = YES;
				GCC_OPTIMIZATION_LEVEL = 0;
				GCC_PREPROCESSOR_DEFINITIONS = (
					"DEBUG=1",
					"$(inherited)",
				);
				GCC_WARN_64_TO_32_BIT_CONVERSION = YES;
				GCC_WARN_ABOUT_RETURN_TYPE = YES_ERROR;
				GCC_WARN_UNDECLARED_SELECTOR = YES;
				GCC_WARN_UNINITIALIZED_AUTOS = YES_AGGRESSIVE;
				GCC_WARN_UNUSED_FUNCTION = YES;
				GCC_WARN_UNUSED_VARIABLE = YES;
				IPHONEOS_DEPLOYMENT_TARGET = 15.2;
				MTL_ENABLE_DEBUG_INFO = INCLUDE_SOURCE;
				MTL_FAST_MATH = YES;
				ONLY_ACTIVE_ARCH = YES;
				SDKROOT = iphoneos;
				SWIFT_ACTIVE_COMPILATION_CONDITIONS = DEBUG;
				SWIFT_OPTIMIZATION_LEVEL = "-Onone";
			};
			name = Debug;
		};
		76170C2B2734F62E00A6C76A /* Release */ = {
			isa = XCBuildConfiguration;
			buildSettings = {
				ALWAYS_SEARCH_USER_PATHS = NO;
				CLANG_ANALYZER_NONNULL = YES;
				CLANG_ANALYZER_NUMBER_OBJECT_CONVERSION = YES_AGGRESSIVE;
				CLANG_CXX_LANGUAGE_STANDARD = "gnu++17";
				CLANG_CXX_LIBRARY = "libc++";
				CLANG_ENABLE_MODULES = YES;
				CLANG_ENABLE_OBJC_ARC = YES;
				CLANG_ENABLE_OBJC_WEAK = YES;
				CLANG_WARN_BLOCK_CAPTURE_AUTORELEASING = YES;
				CLANG_WARN_BOOL_CONVERSION = YES;
				CLANG_WARN_COMMA = YES;
				CLANG_WARN_CONSTANT_CONVERSION = YES;
				CLANG_WARN_DEPRECATED_OBJC_IMPLEMENTATIONS = YES;
				CLANG_WARN_DIRECT_OBJC_ISA_USAGE = YES_ERROR;
				CLANG_WARN_DOCUMENTATION_COMMENTS = YES;
				CLANG_WARN_EMPTY_BODY = YES;
				CLANG_WARN_ENUM_CONVERSION = YES;
				CLANG_WARN_INFINITE_RECURSION = YES;
				CLANG_WARN_INT_CONVERSION = YES;
				CLANG_WARN_NON_LITERAL_NULL_CONVERSION = YES;
				CLANG_WARN_OBJC_IMPLICIT_RETAIN_SELF = YES;
				CLANG_WARN_OBJC_LITERAL_CONVERSION = YES;
				CLANG_WARN_OBJC_ROOT_CLASS = YES_ERROR;
				CLANG_WARN_QUOTED_INCLUDE_IN_FRAMEWORK_HEADER = YES;
				CLANG_WARN_RANGE_LOOP_ANALYSIS = YES;
				CLANG_WARN_STRICT_PROTOTYPES = YES;
				CLANG_WARN_SUSPICIOUS_MOVE = YES;
				CLANG_WARN_UNGUARDED_AVAILABILITY = YES_AGGRESSIVE;
				CLANG_WARN_UNREACHABLE_CODE = YES;
				CLANG_WARN__DUPLICATE_METHOD_MATCH = YES;
				COPY_PHASE_STRIP = NO;
				DEBUG_INFORMATION_FORMAT = "dwarf-with-dsym";
				ENABLE_NS_ASSERTIONS = NO;
				ENABLE_STRICT_OBJC_MSGSEND = YES;
				GCC_C_LANGUAGE_STANDARD = gnu11;
				GCC_NO_COMMON_BLOCKS = YES;
				GCC_WARN_64_TO_32_BIT_CONVERSION = YES;
				GCC_WARN_ABOUT_RETURN_TYPE = YES_ERROR;
				GCC_WARN_UNDECLARED_SELECTOR = YES;
				GCC_WARN_UNINITIALIZED_AUTOS = YES_AGGRESSIVE;
				GCC_WARN_UNUSED_FUNCTION = YES;
				GCC_WARN_UNUSED_VARIABLE = YES;
				IPHONEOS_DEPLOYMENT_TARGET = 15.2;
				MTL_ENABLE_DEBUG_INFO = NO;
				MTL_FAST_MATH = YES;
				SDKROOT = iphoneos;
				SWIFT_COMPILATION_MODE = wholemodule;
				SWIFT_OPTIMIZATION_LEVEL = "-O";
				VALIDATE_PRODUCT = YES;
			};
			name = Release;
		};
		76170C2D2734F62E00A6C76A /* Debug */ = {
			isa = XCBuildConfiguration;
			buildSettings = {
				ASSETCATALOG_COMPILER_APPICON_NAME = AppIcon;
				ASSETCATALOG_COMPILER_GLOBAL_ACCENT_COLOR_NAME = AccentColor;
				CODE_SIGN_STYLE = Automatic;
				CURRENT_PROJECT_VERSION = 1;
				DEVELOPMENT_ASSET_PATHS = "\"parent-app/Preview Content\"";
				ENABLE_PREVIEWS = YES;
				GENERATE_INFOPLIST_FILE = YES;
				INFOPLIST_KEY_UIApplicationSceneManifest_Generation = YES;
				INFOPLIST_KEY_UIApplicationSupportsIndirectInputEvents = YES;
				INFOPLIST_KEY_UILaunchScreen_Generation = YES;
				INFOPLIST_KEY_UISupportedInterfaceOrientations_iPad = "UIInterfaceOrientationPortrait UIInterfaceOrientationPortraitUpsideDown UIInterfaceOrientationLandscapeLeft UIInterfaceOrientationLandscapeRight";
				INFOPLIST_KEY_UISupportedInterfaceOrientations_iPhone = "UIInterfaceOrientationPortrait UIInterfaceOrientationLandscapeLeft UIInterfaceOrientationLandscapeRight";
				LD_RUNPATH_SEARCH_PATHS = (
					"$(inherited)",
					"@executable_path/Frameworks",
				);
				MARKETING_VERSION = 1.0;
				PRODUCT_BUNDLE_IDENTIFIER = "gaudiy.parent-app";
				PRODUCT_NAME = "$(TARGET_NAME)";
				SWIFT_EMIT_LOC_STRINGS = YES;
				SWIFT_VERSION = 5.0;
				TARGETED_DEVICE_FAMILY = "1,2";
			};
			name = Debug;
		};
		76170C2E2734F62E00A6C76A /* Release */ = {
			isa = XCBuildConfiguration;
			buildSettings = {
				ASSETCATALOG_COMPILER_APPICON_NAME = AppIcon;
				ASSETCATALOG_COMPILER_GLOBAL_ACCENT_COLOR_NAME = AccentColor;
				CODE_SIGN_STYLE = Automatic;
				CURRENT_PROJECT_VERSION = 1;
				DEVELOPMENT_ASSET_PATHS = "\"parent-app/Preview Content\"";
				ENABLE_PREVIEWS = YES;
				GENERATE_INFOPLIST_FILE = YES;
				INFOPLIST_KEY_UIApplicationSceneManifest_Generation = YES;
				INFOPLIST_KEY_UIApplicationSupportsIndirectInputEvents = YES;
				INFOPLIST_KEY_UILaunchScreen_Generation = YES;
				INFOPLIST_KEY_UISupportedInterfaceOrientations_iPad = "UIInterfaceOrientationPortrait UIInterfaceOrientationPortraitUpsideDown UIInterfaceOrientationLandscapeLeft UIInterfaceOrientationLandscapeRight";
				INFOPLIST_KEY_UISupportedInterfaceOrientations_iPhone = "UIInterfaceOrientationPortrait UIInterfaceOrientationLandscapeLeft UIInterfaceOrientationLandscapeRight";
				LD_RUNPATH_SEARCH_PATHS = (
					"$(inherited)",
					"@executable_path/Frameworks",
				);
				MARKETING_VERSION = 1.0;
				PRODUCT_BUNDLE_IDENTIFIER = "gaudiy.parent-app";
				PRODUCT_NAME = "$(TARGET_NAME)";
				SWIFT_EMIT_LOC_STRINGS = YES;
				SWIFT_VERSION = 5.0;
				TARGETED_DEVICE_FAMILY = "1,2";
			};
			name = Release;
		};
		76170C302734F62E00A6C76A /* Debug */ = {
			isa = XCBuildConfiguration;
			buildSettings = {
				ALWAYS_EMBED_SWIFT_STANDARD_LIBRARIES = YES;
				BUNDLE_LOADER = "$(TEST_HOST)";
				CODE_SIGN_STYLE = Automatic;
				CURRENT_PROJECT_VERSION = 1;
				GENERATE_INFOPLIST_FILE = YES;
				IPHONEOS_DEPLOYMENT_TARGET = 15.2;
				MARKETING_VERSION = 1.0;
				PRODUCT_BUNDLE_IDENTIFIER = "gaudiy.parent-appTests";
				PRODUCT_NAME = "$(TARGET_NAME)";
				SWIFT_EMIT_LOC_STRINGS = NO;
				SWIFT_VERSION = 5.0;
				TARGETED_DEVICE_FAMILY = "1,2";
				TEST_HOST = "$(BUILT_PRODUCTS_DIR)/parent-app.app/parent-app";
			};
			name = Debug;
		};
		76170C312734F62E00A6C76A /* Release */ = {
			isa = XCBuildConfiguration;
			buildSettings = {
				ALWAYS_EMBED_SWIFT_STANDARD_LIBRARIES = YES;
				BUNDLE_LOADER = "$(TEST_HOST)";
				CODE_SIGN_STYLE = Automatic;
				CURRENT_PROJECT_VERSION = 1;
				GENERATE_INFOPLIST_FILE = YES;
				IPHONEOS_DEPLOYMENT_TARGET = 15.2;
				MARKETING_VERSION = 1.0;
				PRODUCT_BUNDLE_IDENTIFIER = "gaudiy.parent-appTests";
				PRODUCT_NAME = "$(TARGET_NAME)";
				SWIFT_EMIT_LOC_STRINGS = NO;
				SWIFT_VERSION = 5.0;
				TARGETED_DEVICE_FAMILY = "1,2";
				TEST_HOST = "$(BUILT_PRODUCTS_DIR)/parent-app.app/parent-app";
			};
			name = Release;
		};
		76170C332734F62E00A6C76A /* Debug */ = {
			isa = XCBuildConfiguration;
			buildSettings = {
				ALWAYS_EMBED_SWIFT_STANDARD_LIBRARIES = YES;
				CODE_SIGN_STYLE = Automatic;
				CURRENT_PROJECT_VERSION = 1;
				GENERATE_INFOPLIST_FILE = YES;
				MARKETING_VERSION = 1.0;
				PRODUCT_BUNDLE_IDENTIFIER = "gaudiy.parent-appUITests";
				PRODUCT_NAME = "$(TARGET_NAME)";
				SWIFT_EMIT_LOC_STRINGS = NO;
				SWIFT_VERSION = 5.0;
				TARGETED_DEVICE_FAMILY = "1,2";
				TEST_TARGET_NAME = "parent-app";
			};
			name = Debug;
		};
		76170C342734F62E00A6C76A /* Release */ = {
			isa = XCBuildConfiguration;
			buildSettings = {
				ALWAYS_EMBED_SWIFT_STANDARD_LIBRARIES = YES;
				CODE_SIGN_STYLE = Automatic;
				CURRENT_PROJECT_VERSION = 1;
				GENERATE_INFOPLIST_FILE = YES;
				MARKETING_VERSION = 1.0;
				PRODUCT_BUNDLE_IDENTIFIER = "gaudiy.parent-appUITests";
				PRODUCT_NAME = "$(TARGET_NAME)";
				SWIFT_EMIT_LOC_STRINGS = NO;
				SWIFT_VERSION = 5.0;
				TARGETED_DEVICE_FAMILY = "1,2";
				TEST_TARGET_NAME = "parent-app";
			};
			name = Release;
		};
/* End XCBuildConfiguration section */

/* Begin XCConfigurationList section */
		76170C032734F62C00A6C76A /* Build configuration list for PBXProject "parent-app" */ = {
			isa = XCConfigurationList;
			buildConfigurations = (
				76170C2A2734F62E00A6C76A /* Debug */,
				76170C2B2734F62E00A6C76A /* Release */,
			);
			defaultConfigurationIsVisible = 0;
			defaultConfigurationName = Release;
		};
		76170C2C2734F62E00A6C76A /* Build configuration list for PBXNativeTarget "parent-app" */ = {
			isa = XCConfigurationList;
			buildConfigurations = (
				76170C2D2734F62E00A6C76A /* Debug */,
				76170C2E2734F62E00A6C76A /* Release */,
			);
			defaultConfigurationIsVisible = 0;
			defaultConfigurationName = Release;
		};
		76170C2F2734F62E00A6C76A /* Build configuration list for PBXNativeTarget "parent-appTests" */ = {
			isa = XCConfigurationList;
			buildConfigurations = (
				76170C302734F62E00A6C76A /* Debug */,
				76170C312734F62E00A6C76A /* Release */,
			);
			defaultConfigurationIsVisible = 0;
			defaultConfigurationName = Release;
		};
		76170C322734F62E00A6C76A /* Build configuration list for PBXNativeTarget "parent-appUITests" */ = {
			isa = XCConfigurationList;
			buildConfigurations = (
				76170C332734F62E00A6C76A /* Debug */,
				76170C342734F62E00A6C76A /* Release */,
			);
			defaultConfigurationIsVisible = 0;
			defaultConfigurationName = Release;
		};
/* End XCConfigurationList section */
	};
	rootObject = 76170C002734F62C00A6C76A /* Project object */;
}
